
Microsoft Visual Studio Solution File, Format Version 12.00
# Visual Studio Version 17
VisualStudioVersion = 17.4.33213.308
MinimumVisualStudioVersion = 10.0.40219.1
Project("{2150E333-8FDC-42A3-9474-1A3956D46DE8}") = "src", "src", "{A48A4677-1FF1-47AA-97D0-ACB2382E8304}"
EndProject
Project("{2150E333-8FDC-42A3-9474-1A3956D46DE8}") = "test", "test", "{CBE28F5A-7DE8-4E25-BCFE-08D90BD4EACC}"
EndProject
Project("{2150E333-8FDC-42A3-9474-1A3956D46DE8}") = "Core", "Core", "{B32B2559-C996-44E0-9012-EA0A242DA1D7}"
EndProject
Project("{2150E333-8FDC-42A3-9474-1A3956D46DE8}") = "External", "External", "{017A07B9-67B5-43CB-BB43-5ACD501664E7}"
EndProject
Project("{FAE04EC0-301F-11D3-BF4B-00C04F79EFBC}") = "Custom.Domain", "src\Domain\Custom.Domain.csproj", "{172FF700-84EA-2265-AC89-E12D7E5D5FEC}"
EndProject
Project("{FAE04EC0-301F-11D3-BF4B-00C04F79EFBC}") = "Custom.Infrastructure", "src\Infrastructure\Custom.Infrastructure.csproj", "{182D2002-5E17-B8DD-E32F-81E6D1B68BFD}"
EndProject
Project("{FAE04EC0-301F-11D3-BF4B-00C04F79EFBC}") = "Custom.Design.Tests", "test\Architecture.Tests\Custom.Design.Tests.csproj", "{3BD378AE-3AF8-EE5A-D4E5-0D16530A4342}"
EndProject
Project("{FAE04EC0-301F-11D3-BF4B-00C04F79EFBC}") = "Custom.API", "src\API\Custom.API.csproj", "{B83C76D7-181A-AE4A-CA50-316A60F4EB29}"
EndProject
Global
	GlobalSection(SolutionConfigurationPlatforms) = preSolution
		Debug|Any CPU = Debug|Any CPU
		Release|Any CPU = Release|Any CPU
	EndGlobalSection
	GlobalSection(ProjectConfigurationPlatforms) = postSolution
		{172FF700-84EA-2265-AC89-E12D7E5D5FEC}.Debug|Any CPU.ActiveCfg = Debug|Any CPU
		{172FF700-84EA-2265-AC89-E12D7E5D5FEC}.Debug|Any CPU.Build.0 = Debug|Any CPU
		{172FF700-84EA-2265-AC89-E12D7E5D5FEC}.Release|Any CPU.ActiveCfg = Release|Any CPU
		{172FF700-84EA-2265-AC89-E12D7E5D5FEC}.Release|Any CPU.Build.0 = Release|Any CPU
		{182D2002-5E17-B8DD-E32F-81E6D1B68BFD}.Debug|Any CPU.ActiveCfg = Debug|Any CPU
		{182D2002-5E17-B8DD-E32F-81E6D1B68BFD}.Debug|Any CPU.Build.0 = Debug|Any CPU
		{182D2002-5E17-B8DD-E32F-81E6D1B68BFD}.Release|Any CPU.ActiveCfg = Release|Any CPU
		{182D2002-5E17-B8DD-E32F-81E6D1B68BFD}.Release|Any CPU.Build.0 = Release|Any CPU
		{3BD378AE-3AF8-EE5A-D4E5-0D16530A4342}.Debug|Any CPU.ActiveCfg = Debug|Any CPU
		{3BD378AE-3AF8-EE5A-D4E5-0D16530A4342}.Debug|Any CPU.Build.0 = Debug|Any CPU
		{3BD378AE-3AF8-EE5A-D4E5-0D16530A4342}.Release|Any CPU.ActiveCfg = Release|Any CPU
		{3BD378AE-3AF8-EE5A-D4E5-0D16530A4342}.Release|Any CPU.Build.0 = Release|Any CPU
		{B83C76D7-181A-AE4A-CA50-316A60F4EB29}.Debug|Any CPU.ActiveCfg = Debug|Any CPU
		{B83C76D7-181A-AE4A-CA50-316A60F4EB29}.Debug|Any CPU.Build.0 = Debug|Any CPU
		{B83C76D7-181A-AE4A-CA50-316A60F4EB29}.Release|Any CPU.ActiveCfg = Release|Any CPU
		{B83C76D7-181A-AE4A-CA50-316A60F4EB29}.Release|Any CPU.Build.0 = Release|Any CPU
	EndGlobalSection
	GlobalSection(SolutionProperties) = preSolution
		HideSolutionNode = FALSE
	EndGlobalSection
	GlobalSection(NestedProjects) = preSolution
		{B32B2559-C996-44E0-9012-EA0A242DA1D7} = {A48A4677-1FF1-47AA-97D0-ACB2382E8304}
		{017A07B9-67B5-43CB-BB43-5ACD501664E7} = {A48A4677-1FF1-47AA-97D0-ACB2382E8304}
		{172FF700-84EA-2265-AC89-E12D7E5D5FEC} = {B32B2559-C996-44E0-9012-EA0A242DA1D7}
		{182D2002-5E17-B8DD-E32F-81E6D1B68BFD} = {017A07B9-67B5-43CB-BB43-5ACD501664E7}
		{3BD378AE-3AF8-EE5A-D4E5-0D16530A4342} = {CBE28F5A-7DE8-4E25-BCFE-08D90BD4EACC}
		{B83C76D7-181A-AE4A-CA50-316A60F4EB29} = {A48A4677-1FF1-47AA-97D0-ACB2382E8304}
	EndGlobalSection
	GlobalSection(ExtensibilityGlobals) = postSolution
		SolutionGuid = {EBF77D26-FE1B-4B21-A44C-7B7235031EBC}
	EndGlobalSection
EndGlobal
